
Microsoft Visual Studio Solution File, Format Version 12.00
# Visual Studio Version 17
VisualStudioVersion = 17.3.32922.545
MinimumVisualStudioVersion = 10.0.40219.1
Project("{FAE04EC0-301F-11D3-BF4B-00C04F79EFBC}") = "EJERCICIO_7_HOLMAN_B", "EJERCICIO_7_HOLMAN_B\EJERCICIO_7_HOLMAN_B.csproj", "{D5412FBB-597B-4396-9185-42D218491C84}"
EndProject
Global
	GlobalSection(SolutionConfigurationPlatforms) = preSolution
		Debug|Any CPU = Debug|Any CPU
		Release|Any CPU = Release|Any CPU
	EndGlobalSection
	GlobalSection(ProjectConfigurationPlatforms) = postSolution
		{D5412FBB-597B-4396-9185-42D218491C84}.Debug|Any CPU.ActiveCfg = Debug|Any CPU
		{D5412FBB-597B-4396-9185-42D218491C84}.Debug|Any CPU.Build.0 = Debug|Any CPU
		{D5412FBB-597B-4396-9185-42D218491C84}.Release|Any CPU.ActiveCfg = Release|Any CPU
		{D5412FBB-597B-4396-9185-42D218491C84}.Release|Any CPU.Build.0 = Release|Any CPU
	EndGlobalSection
	GlobalSection(SolutionProperties) = preSolution
		HideSolutionNode = FALSE
	EndGlobalSection
	GlobalSection(ExtensibilityGlobals) = postSolution
		SolutionGuid = {182C2CD8-0431-4BDB-AA7A-83BABDB5EF0B}
	EndGlobalSection
EndGlobal
